// !$*UTF8*$!
{
	archiveVersion = 1;
	classes = {
	};
	objectVersion = 56;
	objects = {

/* Begin PBXBuildFile section */
		794238452C01BBFA003D4A16 /* AppDelegate.swift in Sources */ = {isa = PBXBuildFile; fileRef = 794238442C01BBFA003D4A16 /* AppDelegate.swift */; };
		794238472C01BBFA003D4A16 /* SceneDelegate.swift in Sources */ = {isa = PBXBuildFile; fileRef = 794238462C01BBFA003D4A16 /* SceneDelegate.swift */; };
		794238492C01BBFA003D4A16 /* MainScreen.swift in Sources */ = {isa = PBXBuildFile; fileRef = 794238482C01BBFA003D4A16 /* MainScreen.swift */; };
		7942384C2C01BBFA003D4A16 /* Main.storyboard in Resources */ = {isa = PBXBuildFile; fileRef = 7942384A2C01BBFA003D4A16 /* Main.storyboard */; };
		7942384E2C01BBFB003D4A16 /* Assets.xcassets in Resources */ = {isa = PBXBuildFile; fileRef = 7942384D2C01BBFB003D4A16 /* Assets.xcassets */; };
		794238512C01BBFB003D4A16 /* LaunchScreen.storyboard in Resources */ = {isa = PBXBuildFile; fileRef = 7942384F2C01BBFB003D4A16 /* LaunchScreen.storyboard */; };
		794238592C01CBBD003D4A16 /* SaveScreen.swift in Sources */ = {isa = PBXBuildFile; fileRef = 794238582C01CBBD003D4A16 /* SaveScreen.swift */; };
		7942385B2C01CC59003D4A16 /* UpdateScreen.swift in Sources */ = {isa = PBXBuildFile; fileRef = 7942385A2C01CC59003D4A16 /* UpdateScreen.swift */; };
		7942385E2C01D754003D4A16 /* Pacifico-Regular.ttf in Resources */ = {isa = PBXBuildFile; fileRef = 7942385D2C01D754003D4A16 /* Pacifico-Regular.ttf */; };
		794238602C02033B003D4A16 /* ToDos.swift in Sources */ = {isa = PBXBuildFile; fileRef = 7942385F2C02033B003D4A16 /* ToDos.swift */; };
		794238622C0227D8003D4A16 /* ToDoCell.swift in Sources */ = {isa = PBXBuildFile; fileRef = 794238612C0227D8003D4A16 /* ToDoCell.swift */; };
		7942386A2C031E36003D4A16 /* ToDosDaoRepository.swift in Sources */ = {isa = PBXBuildFile; fileRef = 794238692C031E36003D4A16 /* ToDosDaoRepository.swift */; };
		7942386D2C031EA1003D4A16 /* MainViewModel.swift in Sources */ = {isa = PBXBuildFile; fileRef = 7942386C2C031EA1003D4A16 /* MainViewModel.swift */; };
		7942386F2C031EB0003D4A16 /* SaveViewModel.swift in Sources */ = {isa = PBXBuildFile; fileRef = 7942386E2C031EB0003D4A16 /* SaveViewModel.swift */; };
		794238712C031EBD003D4A16 /* UpdateViewModel.swift in Sources */ = {isa = PBXBuildFile; fileRef = 794238702C031EBD003D4A16 /* UpdateViewModel.swift */; };
		794238892C032800003D4A16 /* RxSwift in Frameworks */ = {isa = PBXBuildFile; productRef = 794238882C032800003D4A16 /* RxSwift */; };
		794238B62C03626B003D4A16 /* Alamofire in Frameworks */ = {isa = PBXBuildFile; productRef = 794238B52C03626B003D4A16 /* Alamofire */; };
		794238B82C036341003D4A16 /* CRUDResponse.swift in Sources */ = {isa = PBXBuildFile; fileRef = 794238B72C036341003D4A16 /* CRUDResponse.swift */; };
		794238BA2C036480003D4A16 /* ToDosResponse.swift in Sources */ = {isa = PBXBuildFile; fileRef = 794238B92C036480003D4A16 /* ToDosResponse.swift */; };
/* End PBXBuildFile section */

/* Begin PBXFileReference section */
		794238412C01BBFA003D4A16 /* ToDosApp.app */ = {isa = PBXFileReference; explicitFileType = wrapper.application; includeInIndex = 0; path = ToDosApp.app; sourceTree = BUILT_PRODUCTS_DIR; };
		794238442C01BBFA003D4A16 /* AppDelegate.swift */ = {isa = PBXFileReference; lastKnownFileType = sourcecode.swift; path = AppDelegate.swift; sourceTree = "<group>"; };
		794238462C01BBFA003D4A16 /* SceneDelegate.swift */ = {isa = PBXFileReference; lastKnownFileType = sourcecode.swift; path = SceneDelegate.swift; sourceTree = "<group>"; };
		794238482C01BBFA003D4A16 /* MainScreen.swift */ = {isa = PBXFileReference; lastKnownFileType = sourcecode.swift; path = MainScreen.swift; sourceTree = "<group>"; };
		7942384B2C01BBFA003D4A16 /* Base */ = {isa = PBXFileReference; lastKnownFileType = file.storyboard; name = Base; path = Base.lproj/Main.storyboard; sourceTree = "<group>"; };
		7942384D2C01BBFB003D4A16 /* Assets.xcassets */ = {isa = PBXFileReference; lastKnownFileType = folder.assetcatalog; path = Assets.xcassets; sourceTree = "<group>"; };
		794238502C01BBFB003D4A16 /* Base */ = {isa = PBXFileReference; lastKnownFileType = file.storyboard; name = Base; path = Base.lproj/LaunchScreen.storyboard; sourceTree = "<group>"; };
		794238522C01BBFB003D4A16 /* Info.plist */ = {isa = PBXFileReference; lastKnownFileType = text.plist.xml; path = Info.plist; sourceTree = "<group>"; };
		794238582C01CBBD003D4A16 /* SaveScreen.swift */ = {isa = PBXFileReference; lastKnownFileType = sourcecode.swift; path = SaveScreen.swift; sourceTree = "<group>"; };
		7942385A2C01CC59003D4A16 /* UpdateScreen.swift */ = {isa = PBXFileReference; lastKnownFileType = sourcecode.swift; path = UpdateScreen.swift; sourceTree = "<group>"; };
		7942385D2C01D754003D4A16 /* Pacifico-Regular.ttf */ = {isa = PBXFileReference; lastKnownFileType = file; path = "Pacifico-Regular.ttf"; sourceTree = "<group>"; };
		7942385F2C02033B003D4A16 /* ToDos.swift */ = {isa = PBXFileReference; lastKnownFileType = sourcecode.swift; path = ToDos.swift; sourceTree = "<group>"; };
		794238612C0227D8003D4A16 /* ToDoCell.swift */ = {isa = PBXFileReference; lastKnownFileType = sourcecode.swift; path = ToDoCell.swift; sourceTree = "<group>"; };
		794238692C031E36003D4A16 /* ToDosDaoRepository.swift */ = {isa = PBXFileReference; lastKnownFileType = sourcecode.swift; path = ToDosDaoRepository.swift; sourceTree = "<group>"; };
		7942386C2C031EA1003D4A16 /* MainViewModel.swift */ = {isa = PBXFileReference; lastKnownFileType = sourcecode.swift; path = MainViewModel.swift; sourceTree = "<group>"; };
		7942386E2C031EB0003D4A16 /* SaveViewModel.swift */ = {isa = PBXFileReference; lastKnownFileType = sourcecode.swift; path = SaveViewModel.swift; sourceTree = "<group>"; };
		794238702C031EBD003D4A16 /* UpdateViewModel.swift */ = {isa = PBXFileReference; lastKnownFileType = sourcecode.swift; path = UpdateViewModel.swift; sourceTree = "<group>"; };
		794238B72C036341003D4A16 /* CRUDResponse.swift */ = {isa = PBXFileReference; lastKnownFileType = sourcecode.swift; path = CRUDResponse.swift; sourceTree = "<group>"; };
		794238B92C036480003D4A16 /* ToDosResponse.swift */ = {isa = PBXFileReference; lastKnownFileType = sourcecode.swift; path = ToDosResponse.swift; sourceTree = "<group>"; };
/* End PBXFileReference section */

/* Begin PBXFrameworksBuildPhase section */
		7942383E2C01BBFA003D4A16 /* Frameworks */ = {
			isa = PBXFrameworksBuildPhase;
			buildActionMask = 2147483647;
			files = (
				794238892C032800003D4A16 /* RxSwift in Frameworks */,
				794238B62C03626B003D4A16 /* Alamofire in Frameworks */,
			);
			runOnlyForDeploymentPostprocessing = 0;
		};
/* End PBXFrameworksBuildPhase section */

/* Begin PBXGroup section */
		794238382C01BBFA003D4A16 = {
			isa = PBXGroup;
			children = (
				794238432C01BBFA003D4A16 /* ToDosApp */,
				794238422C01BBFA003D4A16 /* Products */,
				794238872C032800003D4A16 /* Frameworks */,
			);
			sourceTree = "<group>";
		};
		794238422C01BBFA003D4A16 /* Products */ = {
			isa = PBXGroup;
			children = (
				794238412C01BBFA003D4A16 /* ToDosApp.app */,
			);
			name = Products;
			sourceTree = "<group>";
		};
		794238432C01BBFA003D4A16 /* ToDosApp */ = {
			isa = PBXGroup;
			children = (
				794238442C01BBFA003D4A16 /* AppDelegate.swift */,
				794238462C01BBFA003D4A16 /* SceneDelegate.swift */,
				794238642C031CEB003D4A16 /* data */,
				794238632C031CE2003D4A16 /* ui */,
				7942385C2C01D6E7003D4A16 /* Fonts */,
				7942384A2C01BBFA003D4A16 /* Main.storyboard */,
				7942384D2C01BBFB003D4A16 /* Assets.xcassets */,
				7942384F2C01BBFB003D4A16 /* LaunchScreen.storyboard */,
				794238522C01BBFB003D4A16 /* Info.plist */,
			);
			path = ToDosApp;
			sourceTree = "<group>";
		};
		7942385C2C01D6E7003D4A16 /* Fonts */ = {
			isa = PBXGroup;
			children = (
				7942385D2C01D754003D4A16 /* Pacifico-Regular.ttf */,
			);
			path = Fonts;
			sourceTree = "<group>";
		};
		794238632C031CE2003D4A16 /* ui */ = {
			isa = PBXGroup;
			children = (
				7942386B2C031E77003D4A16 /* viewmodel */,
				794238672C031D3C003D4A16 /* tableview */,
				794238662C031D26003D4A16 /* view */,
			);
			path = ui;
			sourceTree = "<group>";
		};
		794238642C031CEB003D4A16 /* data */ = {
			isa = PBXGroup;
			children = (
				794238682C031DF3003D4A16 /* repo */,
				794238652C031D06003D4A16 /* entity */,
			);
			path = data;
			sourceTree = "<group>";
		};
		794238652C031D06003D4A16 /* entity */ = {
			isa = PBXGroup;
			children = (
				7942385F2C02033B003D4A16 /* ToDos.swift */,
				794238B72C036341003D4A16 /* CRUDResponse.swift */,
				794238B92C036480003D4A16 /* ToDosResponse.swift */,
			);
			path = entity;
			sourceTree = "<group>";
		};
		794238662C031D26003D4A16 /* view */ = {
			isa = PBXGroup;
			children = (
				794238482C01BBFA003D4A16 /* MainScreen.swift */,
				794238582C01CBBD003D4A16 /* SaveScreen.swift */,
				7942385A2C01CC59003D4A16 /* UpdateScreen.swift */,
			);
			path = view;
			sourceTree = "<group>";
		};
		794238672C031D3C003D4A16 /* tableview */ = {
			isa = PBXGroup;
			children = (
				794238612C0227D8003D4A16 /* ToDoCell.swift */,
			);
			path = tableview;
			sourceTree = "<group>";
		};
		794238682C031DF3003D4A16 /* repo */ = {
			isa = PBXGroup;
			children = (
				794238692C031E36003D4A16 /* ToDosDaoRepository.swift */,
			);
			path = repo;
			sourceTree = "<group>";
		};
		7942386B2C031E77003D4A16 /* viewmodel */ = {
			isa = PBXGroup;
			children = (
				7942386C2C031EA1003D4A16 /* MainViewModel.swift */,
				7942386E2C031EB0003D4A16 /* SaveViewModel.swift */,
				794238702C031EBD003D4A16 /* UpdateViewModel.swift */,
			);
			path = viewmodel;
			sourceTree = "<group>";
		};
		794238872C032800003D4A16 /* Frameworks */ = {
			isa = PBXGroup;
			children = (
			);
			name = Frameworks;
			sourceTree = "<group>";
		};
/* End PBXGroup section */

/* Begin PBXNativeTarget section */
		794238402C01BBFA003D4A16 /* ToDosApp */ = {
			isa = PBXNativeTarget;
			buildConfigurationList = 794238552C01BBFB003D4A16 /* Build configuration list for PBXNativeTarget "ToDosApp" */;
			buildPhases = (
				7942383D2C01BBFA003D4A16 /* Sources */,
				7942383E2C01BBFA003D4A16 /* Frameworks */,
				7942383F2C01BBFA003D4A16 /* Resources */,
			);
			buildRules = (
			);
			dependencies = (
			);
			name = ToDosApp;
			packageProductDependencies = (
				794238882C032800003D4A16 /* RxSwift */,
				794238B52C03626B003D4A16 /* Alamofire */,
			);
			productName = ToDosApp;
			productReference = 794238412C01BBFA003D4A16 /* ToDosApp.app */;
			productType = "com.apple.product-type.application";
		};
/* End PBXNativeTarget section */

/* Begin PBXProject section */
		794238392C01BBFA003D4A16 /* Project object */ = {
			isa = PBXProject;
			attributes = {
				BuildIndependentTargetsInParallel = 1;
				LastSwiftUpdateCheck = 1520;
				LastUpgradeCheck = 1520;
				TargetAttributes = {
					794238402C01BBFA003D4A16 = {
						CreatedOnToolsVersion = 15.2;
					};
				};
			};
			buildConfigurationList = 7942383C2C01BBFA003D4A16 /* Build configuration list for PBXProject "ToDosApp" */;
			compatibilityVersion = "Xcode 14.0";
			developmentRegion = en;
			hasScannedForEncodings = 0;
			knownRegions = (
				en,
				Base,
			);
			mainGroup = 794238382C01BBFA003D4A16;
			packageReferences = (
				794238722C0327C2003D4A16 /* XCRemoteSwiftPackageReference "RxSwift" */,
				794238B02C036210003D4A16 /* XCRemoteSwiftPackageReference "Alamofire" */,
			);
			productRefGroup = 794238422C01BBFA003D4A16 /* Products */;
			projectDirPath = "";
			projectRoot = "";
			targets = (
				794238402C01BBFA003D4A16 /* ToDosApp */,
			);
		};
/* End PBXProject section */

/* Begin PBXResourcesBuildPhase section */
		7942383F2C01BBFA003D4A16 /* Resources */ = {
			isa = PBXResourcesBuildPhase;
			buildActionMask = 2147483647;
			files = (
				794238512C01BBFB003D4A16 /* LaunchScreen.storyboard in Resources */,
				7942385E2C01D754003D4A16 /* Pacifico-Regular.ttf in Resources */,
				7942384E2C01BBFB003D4A16 /* Assets.xcassets in Resources */,
				7942384C2C01BBFA003D4A16 /* Main.storyboard in Resources */,
			);
			runOnlyForDeploymentPostprocessing = 0;
		};
/* End PBXResourcesBuildPhase section */

/* Begin PBXSourcesBuildPhase section */
		7942383D2C01BBFA003D4A16 /* Sources */ = {
			isa = PBXSourcesBuildPhase;
			buildActionMask = 2147483647;
			files = (
				7942386A2C031E36003D4A16 /* ToDosDaoRepository.swift in Sources */,
				794238712C031EBD003D4A16 /* UpdateViewModel.swift in Sources */,
				794238B82C036341003D4A16 /* CRUDResponse.swift in Sources */,
				7942385B2C01CC59003D4A16 /* UpdateScreen.swift in Sources */,
				794238BA2C036480003D4A16 /* ToDosResponse.swift in Sources */,
				794238492C01BBFA003D4A16 /* MainScreen.swift in Sources */,
				794238622C0227D8003D4A16 /* ToDoCell.swift in Sources */,
				794238452C01BBFA003D4A16 /* AppDelegate.swift in Sources */,
				794238592C01CBBD003D4A16 /* SaveScreen.swift in Sources */,
				794238472C01BBFA003D4A16 /* SceneDelegate.swift in Sources */,
				7942386F2C031EB0003D4A16 /* SaveViewModel.swift in Sources */,
				794238602C02033B003D4A16 /* ToDos.swift in Sources */,
				7942386D2C031EA1003D4A16 /* MainViewModel.swift in Sources */,
			);
			runOnlyForDeploymentPostprocessing = 0;
		};
/* End PBXSourcesBuildPhase section */

/* Begin PBXVariantGroup section */
		7942384A2C01BBFA003D4A16 /* Main.storyboard */ = {
			isa = PBXVariantGroup;
			children = (
				7942384B2C01BBFA003D4A16 /* Base */,
			);
			name = Main.storyboard;
			sourceTree = "<group>";
		};
		7942384F2C01BBFB003D4A16 /* LaunchScreen.storyboard */ = {
			isa = PBXVariantGroup;
			children = (
				794238502C01BBFB003D4A16 /* Base */,
			);
			name = LaunchScreen.storyboard;
			sourceTree = "<group>";
		};
/* End PBXVariantGroup section */

/* Begin XCBuildConfiguration section */
		794238532C01BBFB003D4A16 /* Debug */ = {
			isa = XCBuildConfiguration;
			buildSettings = {
				ALWAYS_SEARCH_USER_PATHS = NO;
				ASSETCATALOG_COMPILER_GENERATE_SWIFT_ASSET_SYMBOL_EXTENSIONS = YES;
				CLANG_ANALYZER_NONNULL = YES;
				CLANG_ANALYZER_NUMBER_OBJECT_CONVERSION = YES_AGGRESSIVE;
				CLANG_CXX_LANGUAGE_STANDARD = "gnu++20";
				CLANG_ENABLE_MODULES = YES;
				CLANG_ENABLE_OBJC_ARC = YES;
				CLANG_ENABLE_OBJC_WEAK = YES;
				CLANG_WARN_BLOCK_CAPTURE_AUTORELEASING = YES;
				CLANG_WARN_BOOL_CONVERSION = YES;
				CLANG_WARN_COMMA = YES;
				CLANG_WARN_CONSTANT_CONVERSION = YES;
				CLANG_WARN_DEPRECATED_OBJC_IMPLEMENTATIONS = YES;
				CLANG_WARN_DIRECT_OBJC_ISA_USAGE = YES_ERROR;
				CLANG_WARN_DOCUMENTATION_COMMENTS = YES;
				CLANG_WARN_EMPTY_BODY = YES;
				CLANG_WARN_ENUM_CONVERSION = YES;
				CLANG_WARN_INFINITE_RECURSION = YES;
				CLANG_WARN_INT_CONVERSION = YES;
				CLANG_WARN_NON_LITERAL_NULL_CONVERSION = YES;
				CLANG_WARN_OBJC_IMPLICIT_RETAIN_SELF = YES;
				CLANG_WARN_OBJC_LITERAL_CONVERSION = YES;
				CLANG_WARN_OBJC_ROOT_CLASS = YES_ERROR;
				CLANG_WARN_QUOTED_INCLUDE_IN_FRAMEWORK_HEADER = YES;
				CLANG_WARN_RANGE_LOOP_ANALYSIS = YES;
				CLANG_WARN_STRICT_PROTOTYPES = YES;
				CLANG_WARN_SUSPICIOUS_MOVE = YES;
				CLANG_WARN_UNGUARDED_AVAILABILITY = YES_AGGRESSIVE;
				CLANG_WARN_UNREACHABLE_CODE = YES;
				CLANG_WARN__DUPLICATE_METHOD_MATCH = YES;
				COPY_PHASE_STRIP = NO;
				DEBUG_INFORMATION_FORMAT = dwarf;
				ENABLE_STRICT_OBJC_MSGSEND = YES;
				ENABLE_TESTABILITY = YES;
				ENABLE_USER_SCRIPT_SANDBOXING = YES;
				GCC_C_LANGUAGE_STANDARD = gnu17;
				GCC_DYNAMIC_NO_PIC = NO;
				GCC_NO_COMMON_BLOCKS = YES;
				GCC_OPTIMIZATION_LEVEL = 0;
				GCC_PREPROCESSOR_DEFINITIONS = (
					"DEBUG=1",
					"$(inherited)",
				);
				GCC_WARN_64_TO_32_BIT_CONVERSION = YES;
				GCC_WARN_ABOUT_RETURN_TYPE = YES_ERROR;
				GCC_WARN_UNDECLARED_SELECTOR = YES;
				GCC_WARN_UNINITIALIZED_AUTOS = YES_AGGRESSIVE;
				GCC_WARN_UNUSED_FUNCTION = YES;
				GCC_WARN_UNUSED_VARIABLE = YES;
				IPHONEOS_DEPLOYMENT_TARGET = 17.2;
				LOCALIZATION_PREFERS_STRING_CATALOGS = YES;
				MTL_ENABLE_DEBUG_INFO = INCLUDE_SOURCE;
				MTL_FAST_MATH = YES;
				ONLY_ACTIVE_ARCH = YES;
				SDKROOT = iphoneos;
				SWIFT_ACTIVE_COMPILATION_CONDITIONS = "DEBUG $(inherited)";
				SWIFT_OPTIMIZATION_LEVEL = "-Onone";
			};
			name = Debug;
		};
		794238542C01BBFB003D4A16 /* Release */ = {
			isa = XCBuildConfiguration;
			buildSettings = {
				ALWAYS_SEARCH_USER_PATHS = NO;
				ASSETCATALOG_COMPILER_GENERATE_SWIFT_ASSET_SYMBOL_EXTENSIONS = YES;
				CLANG_ANALYZER_NONNULL = YES;
				CLANG_ANALYZER_NUMBER_OBJECT_CONVERSION = YES_AGGRESSIVE;
				CLANG_CXX_LANGUAGE_STANDARD = "gnu++20";
				CLANG_ENABLE_MODULES = YES;
				CLANG_ENABLE_OBJC_ARC = YES;
				CLANG_ENABLE_OBJC_WEAK = YES;
				CLANG_WARN_BLOCK_CAPTURE_AUTORELEASING = YES;
				CLANG_WARN_BOOL_CONVERSION = YES;
				CLANG_WARN_COMMA = YES;
				CLANG_WARN_CONSTANT_CONVERSION = YES;
				CLANG_WARN_DEPRECATED_OBJC_IMPLEMENTATIONS = YES;
				CLANG_WARN_DIRECT_OBJC_ISA_USAGE = YES_ERROR;
				CLANG_WARN_DOCUMENTATION_COMMENTS = YES;
				CLANG_WARN_EMPTY_BODY = YES;
				CLANG_WARN_ENUM_CONVERSION = YES;
				CLANG_WARN_INFINITE_RECURSION = YES;
				CLANG_WARN_INT_CONVERSION = YES;
				CLANG_WARN_NON_LITERAL_NULL_CONVERSION = YES;
				CLANG_WARN_OBJC_IMPLICIT_RETAIN_SELF = YES;
				CLANG_WARN_OBJC_LITERAL_CONVERSION = YES;
				CLANG_WARN_OBJC_ROOT_CLASS = YES_ERROR;
				CLANG_WARN_QUOTED_INCLUDE_IN_FRAMEWORK_HEADER = YES;
				CLANG_WARN_RANGE_LOOP_ANALYSIS = YES;
				CLANG_WARN_STRICT_PROTOTYPES = YES;
				CLANG_WARN_SUSPICIOUS_MOVE = YES;
				CLANG_WARN_UNGUARDED_AVAILABILITY = YES_AGGRESSIVE;
				CLANG_WARN_UNREACHABLE_CODE = YES;
				CLANG_WARN__DUPLICATE_METHOD_MATCH = YES;
				COPY_PHASE_STRIP = NO;
				DEBUG_INFORMATION_FORMAT = "dwarf-with-dsym";
				ENABLE_NS_ASSERTIONS = NO;
				ENABLE_STRICT_OBJC_MSGSEND = YES;
				ENABLE_USER_SCRIPT_SANDBOXING = YES;
				GCC_C_LANGUAGE_STANDARD = gnu17;
				GCC_NO_COMMON_BLOCKS = YES;
				GCC_WARN_64_TO_32_BIT_CONVERSION = YES;
				GCC_WARN_ABOUT_RETURN_TYPE = YES_ERROR;
				GCC_WARN_UNDECLARED_SELECTOR = YES;
				GCC_WARN_UNINITIALIZED_AUTOS = YES_AGGRESSIVE;
				GCC_WARN_UNUSED_FUNCTION = YES;
				GCC_WARN_UNUSED_VARIABLE = YES;
				IPHONEOS_DEPLOYMENT_TARGET = 17.2;
				LOCALIZATION_PREFERS_STRING_CATALOGS = YES;
				MTL_ENABLE_DEBUG_INFO = NO;
				MTL_FAST_MATH = YES;
				SDKROOT = iphoneos;
				SWIFT_COMPILATION_MODE = wholemodule;
				VALIDATE_PRODUCT = YES;
			};
			name = Release;
		};
		794238562C01BBFB003D4A16 /* Debug */ = {
			isa = XCBuildConfiguration;
			buildSettings = {
				ASSETCATALOG_COMPILER_APPICON_NAME = AppIcon;
				ASSETCATALOG_COMPILER_GLOBAL_ACCENT_COLOR_NAME = AccentColor;
				CODE_SIGN_STYLE = Automatic;
				CURRENT_PROJECT_VERSION = 1;
				GENERATE_INFOPLIST_FILE = YES;
				INFOPLIST_FILE = ToDosApp/Info.plist;
				INFOPLIST_KEY_CFBundleDisplayName = ToDos;
				INFOPLIST_KEY_UIApplicationSupportsIndirectInputEvents = YES;
				INFOPLIST_KEY_UILaunchStoryboardName = LaunchScreen;
				INFOPLIST_KEY_UIMainStoryboardFile = Main;
				INFOPLIST_KEY_UISupportedInterfaceOrientations_iPad = "UIInterfaceOrientationPortrait UIInterfaceOrientationPortraitUpsideDown UIInterfaceOrientationLandscapeLeft UIInterfaceOrientationLandscapeRight";
				INFOPLIST_KEY_UISupportedInterfaceOrientations_iPhone = "UIInterfaceOrientationPortrait UIInterfaceOrientationLandscapeLeft UIInterfaceOrientationLandscapeRight";
				LD_RUNPATH_SEARCH_PATHS = (
					"$(inherited)",
					"@executable_path/Frameworks",
				);
				MARKETING_VERSION = 1.0;
				PRODUCT_BUNDLE_IDENTIFIER = com.info.ToDosApp;
				PRODUCT_NAME = "$(TARGET_NAME)";
				SWIFT_EMIT_LOC_STRINGS = YES;
				SWIFT_VERSION = 5.0;
				TARGETED_DEVICE_FAMILY = "1,2";
			};
			name = Debug;
		};
		794238572C01BBFB003D4A16 /* Release */ = {
			isa = XCBuildConfiguration;
			buildSettings = {
				ASSETCATALOG_COMPILER_APPICON_NAME = AppIcon;
				ASSETCATALOG_COMPILER_GLOBAL_ACCENT_COLOR_NAME = AccentColor;
				CODE_SIGN_STYLE = Automatic;
				CURRENT_PROJECT_VERSION = 1;
				GENERATE_INFOPLIST_FILE = YES;
				INFOPLIST_FILE = ToDosApp/Info.plist;
				INFOPLIST_KEY_CFBundleDisplayName = ToDos;
				INFOPLIST_KEY_UIApplicationSupportsIndirectInputEvents = YES;
				INFOPLIST_KEY_UILaunchStoryboardName = LaunchScreen;
				INFOPLIST_KEY_UIMainStoryboardFile = Main;
				INFOPLIST_KEY_UISupportedInterfaceOrientations_iPad = "UIInterfaceOrientationPortrait UIInterfaceOrientationPortraitUpsideDown UIInterfaceOrientationLandscapeLeft UIInterfaceOrientationLandscapeRight";
				INFOPLIST_KEY_UISupportedInterfaceOrientations_iPhone = "UIInterfaceOrientationPortrait UIInterfaceOrientationLandscapeLeft UIInterfaceOrientationLandscapeRight";
				LD_RUNPATH_SEARCH_PATHS = (
					"$(inherited)",
					"@executable_path/Frameworks",
				);
				MARKETING_VERSION = 1.0;
				PRODUCT_BUNDLE_IDENTIFIER = com.info.ToDosApp;
				PRODUCT_NAME = "$(TARGET_NAME)";
				SWIFT_EMIT_LOC_STRINGS = YES;
				SWIFT_VERSION = 5.0;
				TARGETED_DEVICE_FAMILY = "1,2";
			};
			name = Release;
		};
/* End XCBuildConfiguration section */

/* Begin XCConfigurationList section */
		7942383C2C01BBFA003D4A16 /* Build configuration list for PBXProject "ToDosApp" */ = {
			isa = XCConfigurationList;
			buildConfigurations = (
				794238532C01BBFB003D4A16 /* Debug */,
				794238542C01BBFB003D4A16 /* Release */,
			);
			defaultConfigurationIsVisible = 0;
			defaultConfigurationName = Release;
		};
		794238552C01BBFB003D4A16 /* Build configuration list for PBXNativeTarget "ToDosApp" */ = {
			isa = XCConfigurationList;
			buildConfigurations = (
				794238562C01BBFB003D4A16 /* Debug */,
				794238572C01BBFB003D4A16 /* Release */,
			);
			defaultConfigurationIsVisible = 0;
			defaultConfigurationName = Release;
		};
/* End XCConfigurationList section */

/* Begin XCRemoteSwiftPackageReference section */
		794238722C0327C2003D4A16 /* XCRemoteSwiftPackageReference "RxSwift" */ = {
			isa = XCRemoteSwiftPackageReference;
			repositoryURL = "https://github.com/ReactiveX/RxSwift.git";
			requirement = {
				kind = upToNextMajorVersion;
				minimumVersion = 6.7.1;
			};
		};
		794238B02C036210003D4A16 /* XCRemoteSwiftPackageReference "Alamofire" */ = {
			isa = XCRemoteSwiftPackageReference;
			repositoryURL = "https://github.com/Alamofire/Alamofire.git";
			requirement = {
				kind = upToNextMajorVersion;
				minimumVersion = 5.9.1;
			};
		};
/* End XCRemoteSwiftPackageReference section */

/* Begin XCSwiftPackageProductDependency section */
		794238882C032800003D4A16 /* RxSwift */ = {
			isa = XCSwiftPackageProductDependency;
			package = 794238722C0327C2003D4A16 /* XCRemoteSwiftPackageReference "RxSwift" */;
			productName = RxSwift;
		};
		794238B52C03626B003D4A16 /* Alamofire */ = {
			isa = XCSwiftPackageProductDependency;
			package = 794238B02C036210003D4A16 /* XCRemoteSwiftPackageReference "Alamofire" */;
			productName = Alamofire;
		};
/* End XCSwiftPackageProductDependency section */
	};
	rootObject = 794238392C01BBFA003D4A16 /* Project object */;
}
